// !$*UTF8*$!
{
	archiveVersion = 1;
	classes = {
	};
	objectVersion = 55;
	objects = {

/* Begin PBXBuildFile section */
		D852C6C02A3391140051FAB8 /* capibara-2.png in Resources */ = {isa = PBXBuildFile; fileRef = D852C6BF2A3391140051FAB8 /* capibara-2.png */; };
		D852C6C22A3393AC0051FAB8 /* ElegirUsuarioViewController.swift in Sources */ = {isa = PBXBuildFile; fileRef = D852C6C12A3393AC0051FAB8 /* ElegirUsuarioViewController.swift */; };
		D852C6C62A339C950051FAB8 /* Usuario.swift in Sources */ = {isa = PBXBuildFile; fileRef = D852C6C52A339C950051FAB8 /* Usuario.swift */; };
		D893F67F2A39FDDA00EF6999 /* Snap.swift in Sources */ = {isa = PBXBuildFile; fileRef = D893F67E2A39FDDA00EF6999 /* Snap.swift */; };
		D893F6812A3A044200EF6999 /* VerSnapViewController.swift in Sources */ = {isa = PBXBuildFile; fileRef = D893F6802A3A044200EF6999 /* VerSnapViewController.swift */; };
		D895C90A2A30C18D008D4909 /* SnapsViewController.swift in Sources */ = {isa = PBXBuildFile; fileRef = D895C9092A30C18D008D4909 /* SnapsViewController.swift */; };
		D895C90C2A30C646008D4909 /* ImagenViewController.swift in Sources */ = {isa = PBXBuildFile; fileRef = D895C90B2A30C646008D4909 /* ImagenViewController.swift */; };
		D8AF676D2A29090E005756A6 /* telefonoSesionViewController.swift in Sources */ = {isa = PBXBuildFile; fileRef = D8AF676C2A29090E005756A6 /* telefonoSesionViewController.swift */; };
		D8B530C42A278E0C00EB5619 /* AppDelegate.swift in Sources */ = {isa = PBXBuildFile; fileRef = D8B530C32A278E0C00EB5619 /* AppDelegate.swift */; };
		D8B530C62A278E0C00EB5619 /* SceneDelegate.swift in Sources */ = {isa = PBXBuildFile; fileRef = D8B530C52A278E0C00EB5619 /* SceneDelegate.swift */; };
		D8B530C82A278E0C00EB5619 /* iniciarSesionViewController.swift in Sources */ = {isa = PBXBuildFile; fileRef = D8B530C72A278E0C00EB5619 /* iniciarSesionViewController.swift */; };
		D8B530CB2A278E0C00EB5619 /* Main.storyboard in Resources */ = {isa = PBXBuildFile; fileRef = D8B530C92A278E0C00EB5619 /* Main.storyboard */; };
		D8B530CD2A278E0E00EB5619 /* Assets.xcassets in Resources */ = {isa = PBXBuildFile; fileRef = D8B530CC2A278E0E00EB5619 /* Assets.xcassets */; };
		D8B530D02A278E0E00EB5619 /* LaunchScreen.storyboard in Resources */ = {isa = PBXBuildFile; fileRef = D8B530CE2A278E0E00EB5619 /* LaunchScreen.storyboard */; };
		D8B530D82A2790A000EB5619 /* GoogleService-Info.plist in Resources */ = {isa = PBXBuildFile; fileRef = D8B530D72A2790A000EB5619 /* GoogleService-Info.plist */; };
		FD8EF847835B399557197E3C /* Pods_MedinaSnapchat.framework in Frameworks */ = {isa = PBXBuildFile; fileRef = 631E73AF67555EF9BF911CE7 /* Pods_MedinaSnapchat.framework */; };
/* End PBXBuildFile section */

/* Begin PBXFileReference section */
		1754AB47FA85CC71CB4FCF6C /* Pods-MedinaSnapchat.debug.xcconfig */ = {isa = PBXFileReference; includeInIndex = 1; lastKnownFileType = text.xcconfig; name = "Pods-MedinaSnapchat.debug.xcconfig"; path = "Target Support Files/Pods-MedinaSnapchat/Pods-MedinaSnapchat.debug.xcconfig"; sourceTree = "<group>"; };
		631E73AF67555EF9BF911CE7 /* Pods_MedinaSnapchat.framework */ = {isa = PBXFileReference; explicitFileType = wrapper.framework; includeInIndex = 0; path = Pods_MedinaSnapchat.framework; sourceTree = BUILT_PRODUCTS_DIR; };
		82A8CDEC48860FC76D05CDA0 /* Pods-MedinaSnapchat.release.xcconfig */ = {isa = PBXFileReference; includeInIndex = 1; lastKnownFileType = text.xcconfig; name = "Pods-MedinaSnapchat.release.xcconfig"; path = "Target Support Files/Pods-MedinaSnapchat/Pods-MedinaSnapchat.release.xcconfig"; sourceTree = "<group>"; };
		D852C6BF2A3391140051FAB8 /* capibara-2.png */ = {isa = PBXFileReference; lastKnownFileType = image.png; path = "capibara-2.png"; sourceTree = "<group>"; };
		D852C6C12A3393AC0051FAB8 /* ElegirUsuarioViewController.swift */ = {isa = PBXFileReference; lastKnownFileType = sourcecode.swift; path = ElegirUsuarioViewController.swift; sourceTree = "<group>"; };
		D852C6C52A339C950051FAB8 /* Usuario.swift */ = {isa = PBXFileReference; lastKnownFileType = sourcecode.swift; path = Usuario.swift; sourceTree = "<group>"; };
		D893F67E2A39FDDA00EF6999 /* Snap.swift */ = {isa = PBXFileReference; lastKnownFileType = sourcecode.swift; path = Snap.swift; sourceTree = "<group>"; };
		D893F6802A3A044200EF6999 /* VerSnapViewController.swift */ = {isa = PBXFileReference; lastKnownFileType = sourcecode.swift; path = VerSnapViewController.swift; sourceTree = "<group>"; };
		D895C9092A30C18D008D4909 /* SnapsViewController.swift */ = {isa = PBXFileReference; lastKnownFileType = sourcecode.swift; path = SnapsViewController.swift; sourceTree = "<group>"; };
		D895C90B2A30C646008D4909 /* ImagenViewController.swift */ = {isa = PBXFileReference; lastKnownFileType = sourcecode.swift; path = ImagenViewController.swift; sourceTree = "<group>"; };
		D8AF676C2A29090E005756A6 /* telefonoSesionViewController.swift */ = {isa = PBXFileReference; lastKnownFileType = sourcecode.swift; path = telefonoSesionViewController.swift; sourceTree = "<group>"; };
		D8B530C02A278E0C00EB5619 /* MedinaSnapchat.app */ = {isa = PBXFileReference; explicitFileType = wrapper.application; includeInIndex = 0; path = MedinaSnapchat.app; sourceTree = BUILT_PRODUCTS_DIR; };
		D8B530C32A278E0C00EB5619 /* AppDelegate.swift */ = {isa = PBXFileReference; lastKnownFileType = sourcecode.swift; path = AppDelegate.swift; sourceTree = "<group>"; };
		D8B530C52A278E0C00EB5619 /* SceneDelegate.swift */ = {isa = PBXFileReference; lastKnownFileType = sourcecode.swift; path = SceneDelegate.swift; sourceTree = "<group>"; };
		D8B530C72A278E0C00EB5619 /* iniciarSesionViewController.swift */ = {isa = PBXFileReference; lastKnownFileType = sourcecode.swift; path = iniciarSesionViewController.swift; sourceTree = "<group>"; };
		D8B530CA2A278E0C00EB5619 /* Base */ = {isa = PBXFileReference; lastKnownFileType = file.storyboard; name = Base; path = Base.lproj/Main.storyboard; sourceTree = "<group>"; };
		D8B530CC2A278E0E00EB5619 /* Assets.xcassets */ = {isa = PBXFileReference; lastKnownFileType = folder.assetcatalog; path = Assets.xcassets; sourceTree = "<group>"; };
		D8B530CF2A278E0E00EB5619 /* Base */ = {isa = PBXFileReference; lastKnownFileType = file.storyboard; name = Base; path = Base.lproj/LaunchScreen.storyboard; sourceTree = "<group>"; };
		D8B530D12A278E0E00EB5619 /* Info.plist */ = {isa = PBXFileReference; lastKnownFileType = text.plist.xml; path = Info.plist; sourceTree = "<group>"; };
		D8B530D72A2790A000EB5619 /* GoogleService-Info.plist */ = {isa = PBXFileReference; fileEncoding = 4; lastKnownFileType = text.plist.xml; path = "GoogleService-Info.plist"; sourceTree = "<group>"; };
/* End PBXFileReference section */

/* Begin PBXFrameworksBuildPhase section */
		D8B530BD2A278E0C00EB5619 /* Frameworks */ = {
			isa = PBXFrameworksBuildPhase;
			buildActionMask = 2147483647;
			files = (
				FD8EF847835B399557197E3C /* Pods_MedinaSnapchat.framework in Frameworks */,
			);
			runOnlyForDeploymentPostprocessing = 0;
		};
/* End PBXFrameworksBuildPhase section */

/* Begin PBXGroup section */
		96E72882EA143F3FDF44BD33 /* Frameworks */ = {
			isa = PBXGroup;
			children = (
				631E73AF67555EF9BF911CE7 /* Pods_MedinaSnapchat.framework */,
			);
			name = Frameworks;
			sourceTree = "<group>";
		};
		D852C6C32A339C0F0051FAB8 /* ViewControllers */ = {
			isa = PBXGroup;
			children = (
				D895C90B2A30C646008D4909 /* ImagenViewController.swift */,
				D895C9092A30C18D008D4909 /* SnapsViewController.swift */,
				D8B530C72A278E0C00EB5619 /* iniciarSesionViewController.swift */,
				D852C6C12A3393AC0051FAB8 /* ElegirUsuarioViewController.swift */,
				D893F6802A3A044200EF6999 /* VerSnapViewController.swift */,
			);
			path = ViewControllers;
			sourceTree = "<group>";
		};
		D852C6C42A339C6F0051FAB8 /* Modelos */ = {
			isa = PBXGroup;
			children = (
				D852C6C52A339C950051FAB8 /* Usuario.swift */,
				D893F67E2A39FDDA00EF6999 /* Snap.swift */,
			);
			path = Modelos;
			sourceTree = "<group>";
		};
		D8B530B72A278E0C00EB5619 = {
			isa = PBXGroup;
			children = (
				D8B530C22A278E0C00EB5619 /* MedinaSnapchat */,
				D8B530C12A278E0C00EB5619 /* Products */,
				DCEE172DDE6878C483029A68 /* Pods */,
				96E72882EA143F3FDF44BD33 /* Frameworks */,
			);
			sourceTree = "<group>";
		};
		D8B530C12A278E0C00EB5619 /* Products */ = {
			isa = PBXGroup;
			children = (
				D8B530C02A278E0C00EB5619 /* MedinaSnapchat.app */,
			);
			name = Products;
			sourceTree = "<group>";
		};
		D8B530C22A278E0C00EB5619 /* MedinaSnapchat */ = {
			isa = PBXGroup;
			children = (
				D852C6C42A339C6F0051FAB8 /* Modelos */,
				D852C6C32A339C0F0051FAB8 /* ViewControllers */,
				D8B530C32A278E0C00EB5619 /* AppDelegate.swift */,
				D8B530C52A278E0C00EB5619 /* SceneDelegate.swift */,
				D8AF676C2A29090E005756A6 /* telefonoSesionViewController.swift */,
				D8B530C92A278E0C00EB5619 /* Main.storyboard */,
				D8B530CC2A278E0E00EB5619 /* Assets.xcassets */,
				D852C6BF2A3391140051FAB8 /* capibara-2.png */,
				D8B530CE2A278E0E00EB5619 /* LaunchScreen.storyboard */,
				D8B530D72A2790A000EB5619 /* GoogleService-Info.plist */,
				D8B530D12A278E0E00EB5619 /* Info.plist */,
			);
			path = MedinaSnapchat;
			sourceTree = "<group>";
		};
		DCEE172DDE6878C483029A68 /* Pods */ = {
			isa = PBXGroup;
			children = (
				1754AB47FA85CC71CB4FCF6C /* Pods-MedinaSnapchat.debug.xcconfig */,
				82A8CDEC48860FC76D05CDA0 /* Pods-MedinaSnapchat.release.xcconfig */,
			);
			path = Pods;
			sourceTree = "<group>";
		};
/* End PBXGroup section */

/* Begin PBXNativeTarget section */
		D8B530BF2A278E0C00EB5619 /* MedinaSnapchat */ = {
			isa = PBXNativeTarget;
			buildConfigurationList = D8B530D42A278E0E00EB5619 /* Build configuration list for PBXNativeTarget "MedinaSnapchat" */;
			buildPhases = (
				99419DE701FB5CAE4AECA86D /* [CP] Check Pods Manifest.lock */,
				D8B530BC2A278E0C00EB5619 /* Sources */,
				D8B530BD2A278E0C00EB5619 /* Frameworks */,
				D8B530BE2A278E0C00EB5619 /* Resources */,
				A1ECE3E66A0D4A8F826F79C3 /* [CP] Embed Pods Frameworks */,
			);
			buildRules = (
			);
			dependencies = (
			);
			name = MedinaSnapchat;
			productName = MedinaSnapchat;
			productReference = D8B530C02A278E0C00EB5619 /* MedinaSnapchat.app */;
			productType = "com.apple.product-type.application";
		};
/* End PBXNativeTarget section */

/* Begin PBXProject section */
		D8B530B82A278E0C00EB5619 /* Project object */ = {
			isa = PBXProject;
			attributes = {
				BuildIndependentTargetsInParallel = 1;
				LastSwiftUpdateCheck = 1340;
				LastUpgradeCheck = 1340;
				TargetAttributes = {
					D8B530BF2A278E0C00EB5619 = {
						CreatedOnToolsVersion = 13.4.1;
					};
				};
			};
			buildConfigurationList = D8B530BB2A278E0C00EB5619 /* Build configuration list for PBXProject "MedinaSnapchat" */;
			compatibilityVersion = "Xcode 13.0";
			developmentRegion = en;
			hasScannedForEncodings = 0;
			knownRegions = (
				en,
				Base,
			);
			mainGroup = D8B530B72A278E0C00EB5619;
			packageReferences = (
				D852C6C72A339D9B0051FAB8 /* XCRemoteSwiftPackageReference "firebase-ios-sdk" */,
				D852C6C82A339DCF0051FAB8 /* XCRemoteSwiftPackageReference "firebase-ios-sdk" */,
				D852C6C92A339E380051FAB8 /* XCRemoteSwiftPackageReference "firebase-ios-sdk" */,
			);
			productRefGroup = D8B530C12A278E0C00EB5619 /* Products */;
			projectDirPath = "";
			projectRoot = "";
			targets = (
				D8B530BF2A278E0C00EB5619 /* MedinaSnapchat */,
			);
		};
/* End PBXProject section */

/* Begin PBXResourcesBuildPhase section */
		D8B530BE2A278E0C00EB5619 /* Resources */ = {
			isa = PBXResourcesBuildPhase;
			buildActionMask = 2147483647;
			files = (
				D8B530D82A2790A000EB5619 /* GoogleService-Info.plist in Resources */,
				D852C6C02A3391140051FAB8 /* capibara-2.png in Resources */,
				D8B530D02A278E0E00EB5619 /* LaunchScreen.storyboard in Resources */,
				D8B530CD2A278E0E00EB5619 /* Assets.xcassets in Resources */,
				D8B530CB2A278E0C00EB5619 /* Main.storyboard in Resources */,
			);
			runOnlyForDeploymentPostprocessing = 0;
		};
/* End PBXResourcesBuildPhase section */

/* Begin PBXShellScriptBuildPhase section */
		99419DE701FB5CAE4AECA86D /* [CP] Check Pods Manifest.lock */ = {
			isa = PBXShellScriptBuildPhase;
			buildActionMask = 2147483647;
			files = (
			);
			inputFileListPaths = (
			);
			inputPaths = (
				"${PODS_PODFILE_DIR_PATH}/Podfile.lock",
				"${PODS_ROOT}/Manifest.lock",
			);
			name = "[CP] Check Pods Manifest.lock";
			outputFileListPaths = (
			);
			outputPaths = (
				"$(DERIVED_FILE_DIR)/Pods-MedinaSnapchat-checkManifestLockResult.txt",
			);
			runOnlyForDeploymentPostprocessing = 0;
			shellPath = /bin/sh;
			shellScript = "diff \"${PODS_PODFILE_DIR_PATH}/Podfile.lock\" \"${PODS_ROOT}/Manifest.lock\" > /dev/null\nif [ $? != 0 ] ; then\n    # print error to STDERR\n    echo \"error: The sandbox is not in sync with the Podfile.lock. Run 'pod install' or update your CocoaPods installation.\" >&2\n    exit 1\nfi\n# This output is used by Xcode 'outputs' to avoid re-running this script phase.\necho \"SUCCESS\" > \"${SCRIPT_OUTPUT_FILE_0}\"\n";
			showEnvVarsInLog = 0;
		};
		A1ECE3E66A0D4A8F826F79C3 /* [CP] Embed Pods Frameworks */ = {
			isa = PBXShellScriptBuildPhase;
			buildActionMask = 2147483647;
			files = (
			);
			inputFileListPaths = (
				"${PODS_ROOT}/Target Support Files/Pods-MedinaSnapchat/Pods-MedinaSnapchat-frameworks-${CONFIGURATION}-input-files.xcfilelist",
			);
			name = "[CP] Embed Pods Frameworks";
			outputFileListPaths = (
				"${PODS_ROOT}/Target Support Files/Pods-MedinaSnapchat/Pods-MedinaSnapchat-frameworks-${CONFIGURATION}-output-files.xcfilelist",
			);
			runOnlyForDeploymentPostprocessing = 0;
			shellPath = /bin/sh;
			shellScript = "\"${PODS_ROOT}/Target Support Files/Pods-MedinaSnapchat/Pods-MedinaSnapchat-frameworks.sh\"\n";
			showEnvVarsInLog = 0;
		};
/* End PBXShellScriptBuildPhase section */

/* Begin PBXSourcesBuildPhase section */
		D8B530BC2A278E0C00EB5619 /* Sources */ = {
			isa = PBXSourcesBuildPhase;
			buildActionMask = 2147483647;
			files = (
				D852C6C62A339C950051FAB8 /* Usuario.swift in Sources */,
				D852C6C22A3393AC0051FAB8 /* ElegirUsuarioViewController.swift in Sources */,
				D893F67F2A39FDDA00EF6999 /* Snap.swift in Sources */,
				D895C90A2A30C18D008D4909 /* SnapsViewController.swift in Sources */,
				D893F6812A3A044200EF6999 /* VerSnapViewController.swift in Sources */,
				D8B530C82A278E0C00EB5619 /* iniciarSesionViewController.swift in Sources */,
				D8AF676D2A29090E005756A6 /* telefonoSesionViewController.swift in Sources */,
				D895C90C2A30C646008D4909 /* ImagenViewController.swift in Sources */,
				D8B530C42A278E0C00EB5619 /* AppDelegate.swift in Sources */,
				D8B530C62A278E0C00EB5619 /* SceneDelegate.swift in Sources */,
			);
			runOnlyForDeploymentPostprocessing = 0;
		};
/* End PBXSourcesBuildPhase section */

/* Begin PBXVariantGroup section */
		D8B530C92A278E0C00EB5619 /* Main.storyboard */ = {
			isa = PBXVariantGroup;
			children = (
				D8B530CA2A278E0C00EB5619 /* Base */,
			);
			name = Main.storyboard;
			sourceTree = "<group>";
		};
		D8B530CE2A278E0E00EB5619 /* LaunchScreen.storyboard */ = {
			isa = PBXVariantGroup;
			children = (
				D8B530CF2A278E0E00EB5619 /* Base */,
			);
			name = LaunchScreen.storyboard;
			sourceTree = "<group>";
		};
/* End PBXVariantGroup section */

/* Begin XCBuildConfiguration section */
		D8B530D22A278E0E00EB5619 /* Debug */ = {
			isa = XCBuildConfiguration;
			buildSettings = {
				ALWAYS_SEARCH_USER_PATHS = NO;
				CLANG_ANALYZER_NONNULL = YES;
				CLANG_ANALYZER_NUMBER_OBJECT_CONVERSION = YES_AGGRESSIVE;
				CLANG_CXX_LANGUAGE_STANDARD = "gnu++17";
				CLANG_ENABLE_MODULES = YES;
				CLANG_ENABLE_OBJC_ARC = YES;
				CLANG_ENABLE_OBJC_WEAK = YES;
				CLANG_WARN_BLOCK_CAPTURE_AUTORELEASING = YES;
				CLANG_WARN_BOOL_CONVERSION = YES;
				CLANG_WARN_COMMA = YES;
				CLANG_WARN_CONSTANT_CONVERSION = YES;
				CLANG_WARN_DEPRECATED_OBJC_IMPLEMENTATIONS = YES;
				CLANG_WARN_DIRECT_OBJC_ISA_USAGE = YES_ERROR;
				CLANG_WARN_DOCUMENTATION_COMMENTS = YES;
				CLANG_WARN_EMPTY_BODY = YES;
				CLANG_WARN_ENUM_CONVERSION = YES;
				CLANG_WARN_INFINITE_RECURSION = YES;
				CLANG_WARN_INT_CONVERSION = YES;
				CLANG_WARN_NON_LITERAL_NULL_CONVERSION = YES;
				CLANG_WARN_OBJC_IMPLICIT_RETAIN_SELF = YES;
				CLANG_WARN_OBJC_LITERAL_CONVERSION = YES;
				CLANG_WARN_OBJC_ROOT_CLASS = YES_ERROR;
				CLANG_WARN_QUOTED_INCLUDE_IN_FRAMEWORK_HEADER = YES;
				CLANG_WARN_RANGE_LOOP_ANALYSIS = YES;
				CLANG_WARN_STRICT_PROTOTYPES = YES;
				CLANG_WARN_SUSPICIOUS_MOVE = YES;
				CLANG_WARN_UNGUARDED_AVAILABILITY = YES_AGGRESSIVE;
				CLANG_WARN_UNREACHABLE_CODE = YES;
				CLANG_WARN__DUPLICATE_METHOD_MATCH = YES;
				COPY_PHASE_STRIP = NO;
				DEBUG_INFORMATION_FORMAT = dwarf;
				ENABLE_STRICT_OBJC_MSGSEND = YES;
				ENABLE_TESTABILITY = YES;
				GCC_C_LANGUAGE_STANDARD = gnu11;
				GCC_DYNAMIC_NO_PIC = NO;
				GCC_NO_COMMON_BLOCKS = YES;
				GCC_OPTIMIZATION_LEVEL = 0;
				GCC_PREPROCESSOR_DEFINITIONS = (
					"DEBUG=1",
					"$(inherited)",
				);
				GCC_WARN_64_TO_32_BIT_CONVERSION = YES;
				GCC_WARN_ABOUT_RETURN_TYPE = YES_ERROR;
				GCC_WARN_UNDECLARED_SELECTOR = YES;
				GCC_WARN_UNINITIALIZED_AUTOS = YES_AGGRESSIVE;
				GCC_WARN_UNUSED_FUNCTION = YES;
				GCC_WARN_UNUSED_VARIABLE = YES;
				IPHONEOS_DEPLOYMENT_TARGET = 15.5;
				MTL_ENABLE_DEBUG_INFO = INCLUDE_SOURCE;
				MTL_FAST_MATH = YES;
				ONLY_ACTIVE_ARCH = YES;
				SDKROOT = iphoneos;
				SWIFT_ACTIVE_COMPILATION_CONDITIONS = DEBUG;
				SWIFT_OPTIMIZATION_LEVEL = "-Onone";
			};
			name = Debug;
		};
		D8B530D32A278E0E00EB5619 /* Release */ = {
			isa = XCBuildConfiguration;
			buildSettings = {
				ALWAYS_SEARCH_USER_PATHS = NO;
				CLANG_ANALYZER_NONNULL = YES;
				CLANG_ANALYZER_NUMBER_OBJECT_CONVERSION = YES_AGGRESSIVE;
				CLANG_CXX_LANGUAGE_STANDARD = "gnu++17";
				CLANG_ENABLE_MODULES = YES;
				CLANG_ENABLE_OBJC_ARC = YES;
				CLANG_ENABLE_OBJC_WEAK = YES;
				CLANG_WARN_BLOCK_CAPTURE_AUTORELEASING = YES;
				CLANG_WARN_BOOL_CONVERSION = YES;
				CLANG_WARN_COMMA = YES;
				CLANG_WARN_CONSTANT_CONVERSION = YES;
				CLANG_WARN_DEPRECATED_OBJC_IMPLEMENTATIONS = YES;
				CLANG_WARN_DIRECT_OBJC_ISA_USAGE = YES_ERROR;
				CLANG_WARN_DOCUMENTATION_COMMENTS = YES;
				CLANG_WARN_EMPTY_BODY = YES;
				CLANG_WARN_ENUM_CONVERSION = YES;
				CLANG_WARN_INFINITE_RECURSION = YES;
				CLANG_WARN_INT_CONVERSION = YES;
				CLANG_WARN_NON_LITERAL_NULL_CONVERSION = YES;
				CLANG_WARN_OBJC_IMPLICIT_RETAIN_SELF = YES;
				CLANG_WARN_OBJC_LITERAL_CONVERSION = YES;
				CLANG_WARN_OBJC_ROOT_CLASS = YES_ERROR;
				CLANG_WARN_QUOTED_INCLUDE_IN_FRAMEWORK_HEADER = YES;
				CLANG_WARN_RANGE_LOOP_ANALYSIS = YES;
				CLANG_WARN_STRICT_PROTOTYPES = YES;
				CLANG_WARN_SUSPICIOUS_MOVE = YES;
				CLANG_WARN_UNGUARDED_AVAILABILITY = YES_AGGRESSIVE;
				CLANG_WARN_UNREACHABLE_CODE = YES;
				CLANG_WARN__DUPLICATE_METHOD_MATCH = YES;
				COPY_PHASE_STRIP = NO;
				DEBUG_INFORMATION_FORMAT = "dwarf-with-dsym";
				ENABLE_NS_ASSERTIONS = NO;
				ENABLE_STRICT_OBJC_MSGSEND = YES;
				GCC_C_LANGUAGE_STANDARD = gnu11;
				GCC_NO_COMMON_BLOCKS = YES;
				GCC_WARN_64_TO_32_BIT_CONVERSION = YES;
				GCC_WARN_ABOUT_RETURN_TYPE = YES_ERROR;
				GCC_WARN_UNDECLARED_SELECTOR = YES;
				GCC_WARN_UNINITIALIZED_AUTOS = YES_AGGRESSIVE;
				GCC_WARN_UNUSED_FUNCTION = YES;
				GCC_WARN_UNUSED_VARIABLE = YES;
				IPHONEOS_DEPLOYMENT_TARGET = 15.5;
				MTL_ENABLE_DEBUG_INFO = NO;
				MTL_FAST_MATH = YES;
				SDKROOT = iphoneos;
				SWIFT_COMPILATION_MODE = wholemodule;
				SWIFT_OPTIMIZATION_LEVEL = "-O";
				VALIDATE_PRODUCT = YES;
			};
			name = Release;
		};
		D8B530D52A278E0E00EB5619 /* Debug */ = {
			isa = XCBuildConfiguration;
			baseConfigurationReference = 1754AB47FA85CC71CB4FCF6C /* Pods-MedinaSnapchat.debug.xcconfig */;
			buildSettings = {
				ASSETCATALOG_COMPILER_APPICON_NAME = AppIcon;
				ASSETCATALOG_COMPILER_GLOBAL_ACCENT_COLOR_NAME = AccentColor;
				CODE_SIGN_STYLE = Automatic;
				CURRENT_PROJECT_VERSION = 1;
				GENERATE_INFOPLIST_FILE = YES;
				INFOPLIST_FILE = MedinaSnapchat/Info.plist;
				INFOPLIST_KEY_UIApplicationSupportsIndirectInputEvents = YES;
				INFOPLIST_KEY_UILaunchStoryboardName = LaunchScreen;
				INFOPLIST_KEY_UIMainStoryboardFile = Main;
				INFOPLIST_KEY_UISupportedInterfaceOrientations_iPad = "UIInterfaceOrientationPortrait UIInterfaceOrientationPortraitUpsideDown UIInterfaceOrientationLandscapeLeft UIInterfaceOrientationLandscapeRight";
				INFOPLIST_KEY_UISupportedInterfaceOrientations_iPhone = "UIInterfaceOrientationPortrait UIInterfaceOrientationLandscapeLeft UIInterfaceOrientationLandscapeRight";
				LD_RUNPATH_SEARCH_PATHS = (
					"$(inherited)",
					"@executable_path/Frameworks",
				);
				MARKETING_VERSION = 1.0;
				PRODUCT_BUNDLE_IDENTIFIER = miempresa.MedinaSnapchat;
				PRODUCT_NAME = "$(TARGET_NAME)";
				SWIFT_EMIT_LOC_STRINGS = YES;
				SWIFT_VERSION = 5.0;
				TARGETED_DEVICE_FAMILY = "1,2";
			};
			name = Debug;
		};
		D8B530D62A278E0E00EB5619 /* Release */ = {
			isa = XCBuildConfiguration;
			baseConfigurationReference = 82A8CDEC48860FC76D05CDA0 /* Pods-MedinaSnapchat.release.xcconfig */;
			buildSettings = {
				ASSETCATALOG_COMPILER_APPICON_NAME = AppIcon;
				ASSETCATALOG_COMPILER_GLOBAL_ACCENT_COLOR_NAME = AccentColor;
				CODE_SIGN_STYLE = Automatic;
				CURRENT_PROJECT_VERSION = 1;
				GENERATE_INFOPLIST_FILE = YES;
				INFOPLIST_FILE = MedinaSnapchat/Info.plist;
				INFOPLIST_KEY_UIApplicationSupportsIndirectInputEvents = YES;
				INFOPLIST_KEY_UILaunchStoryboardName = LaunchScreen;
				INFOPLIST_KEY_UIMainStoryboardFile = Main;
				INFOPLIST_KEY_UISupportedInterfaceOrientations_iPad = "UIInterfaceOrientationPortrait UIInterfaceOrientationPortraitUpsideDown UIInterfaceOrientationLandscapeLeft UIInterfaceOrientationLandscapeRight";
				INFOPLIST_KEY_UISupportedInterfaceOrientations_iPhone = "UIInterfaceOrientationPortrait UIInterfaceOrientationLandscapeLeft UIInterfaceOrientationLandscapeRight";
				LD_RUNPATH_SEARCH_PATHS = (
					"$(inherited)",
					"@executable_path/Frameworks",
				);
				MARKETING_VERSION = 1.0;
				PRODUCT_BUNDLE_IDENTIFIER = miempresa.MedinaSnapchat;
				PRODUCT_NAME = "$(TARGET_NAME)";
				SWIFT_EMIT_LOC_STRINGS = YES;
				SWIFT_VERSION = 5.0;
				TARGETED_DEVICE_FAMILY = "1,2";
			};
			name = Release;
		};
/* End XCBuildConfiguration section */

/* Begin XCConfigurationList section */
		D8B530BB2A278E0C00EB5619 /* Build configuration list for PBXProject "MedinaSnapchat" */ = {
			isa = XCConfigurationList;
			buildConfigurations = (
				D8B530D22A278E0E00EB5619 /* Debug */,
				D8B530D32A278E0E00EB5619 /* Release */,
			);
			defaultConfigurationIsVisible = 0;
			defaultConfigurationName = Release;
		};
		D8B530D42A278E0E00EB5619 /* Build configuration list for PBXNativeTarget "MedinaSnapchat" */ = {
			isa = XCConfigurationList;
			buildConfigurations = (
				D8B530D52A278E0E00EB5619 /* Debug */,
				D8B530D62A278E0E00EB5619 /* Release */,
			);
			defaultConfigurationIsVisible = 0;
			defaultConfigurationName = Release;
		};
/* End XCConfigurationList section */

/* Begin XCRemoteSwiftPackageReference section */
		D852C6C72A339D9B0051FAB8 /* XCRemoteSwiftPackageReference "firebase-ios-sdk" */ = {
			isa = XCRemoteSwiftPackageReference;
			repositoryURL = "https://github.com/firebase/firebase-ios-sdk";
			requirement = {
				branch = master;
				kind = branch;
			};
		};
		D852C6C82A339DCF0051FAB8 /* XCRemoteSwiftPackageReference "firebase-ios-sdk" */ = {
			isa = XCRemoteSwiftPackageReference;
			repositoryURL = "https://github.com/firebase/firebase-ios-sdk";
			requirement = {
				branch = master;
				kind = branch;
			};
		};
		D852C6C92A339E380051FAB8 /* XCRemoteSwiftPackageReference "firebase-ios-sdk" */ = {
			isa = XCRemoteSwiftPackageReference;
			repositoryURL = "https://github.com/firebase/firebase-ios-sdk";
			requirement = {
				branch = master;
				kind = branch;
			};
		};
/* End XCRemoteSwiftPackageReference section */
	};
	rootObject = D8B530B82A278E0C00EB5619 /* Project object */;
}
